
Microsoft Visual Studio Solution File, Format Version 12.00
# Visual Studio Version 16
VisualStudioVersion = 16.0.31112.23
MinimumVisualStudioVersion = 10.0.40219.1
Project("{FAE04EC0-301F-11D3-BF4B-00C04F79EFBC}") = "SpecFlowCoreRest", "SpecFlowCoreRest\SpecFlowCoreRest.csproj", "{740B1E8D-B67E-41CF-AECD-FF3B37501A39}"
EndProject
Global
	GlobalSection(SolutionConfigurationPlatforms) = preSolution
		Debug|Any CPU = Debug|Any CPU
		Release|Any CPU = Release|Any CPU
	EndGlobalSection
	GlobalSection(ProjectConfigurationPlatforms) = postSolution
		{740B1E8D-B67E-41CF-AECD-FF3B37501A39}.Debug|Any CPU.ActiveCfg = Debug|Any CPU
		{740B1E8D-B67E-41CF-AECD-FF3B37501A39}.Debug|Any CPU.Build.0 = Debug|Any CPU
		{740B1E8D-B67E-41CF-AECD-FF3B37501A39}.Release|Any CPU.ActiveCfg = Release|Any CPU
		{740B1E8D-B67E-41CF-AECD-FF3B37501A39}.Release|Any CPU.Build.0 = Release|Any CPU
	EndGlobalSection
	GlobalSection(SolutionProperties) = preSolution
		HideSolutionNode = FALSE
	EndGlobalSection
	GlobalSection(ExtensibilityGlobals) = postSolution
		SolutionGuid = {642EABFF-00F7-41BB-AD56-4AE9BC58D742}
	EndGlobalSection
EndGlobal
